
Microsoft Visual Studio Solution File, Format Version 12.00
# Visual Studio Version 16
VisualStudioVersion = 16.0.30114.105
MinimumVisualStudioVersion = 10.0.40219.1
Project("{FAE04EC0-301F-11D3-BF4B-00C04F79EFBC}") = "SkillLinks.Web", "SkillLinks.Web\SkillLinks.Web.csproj", "{78B9FC3E-D390-48D8-B2FF-11745F7BD33D}"
EndProject
Global
	GlobalSection(SolutionConfigurationPlatforms) = preSolution
		Debug|Any CPU = Debug|Any CPU
		Release|Any CPU = Release|Any CPU
	EndGlobalSection
	GlobalSection(SolutionProperties) = preSolution
		HideSolutionNode = FALSE
	EndGlobalSection
	GlobalSection(ProjectConfigurationPlatforms) = postSolution
		{78B9FC3E-D390-48D8-B2FF-11745F7BD33D}.Debug|Any CPU.ActiveCfg = Debug|Any CPU
		{78B9FC3E-D390-48D8-B2FF-11745F7BD33D}.Debug|Any CPU.Build.0 = Debug|Any CPU
		{78B9FC3E-D390-48D8-B2FF-11745F7BD33D}.Release|Any CPU.ActiveCfg = Release|Any CPU
		{78B9FC3E-D390-48D8-B2FF-11745F7BD33D}.Release|Any CPU.Build.0 = Release|Any CPU
	EndGlobalSection
EndGlobal
